
Microsoft Visual Studio Solution File, Format Version 11.00
# Visual Studio 2010
Project("{FAE04EC0-301F-11D3-BF4B-00C04F79EFBC}") = "XNAPipeline", "XNAPipeline\XNAPipeline\XNAPipeline.csproj", "{48392DE0-1C3E-4840-833B-CAEB31790073}"
EndProject
Project("{96E2B04D-8817-42C6-938A-82C39BA4D311}") = "XNAPipelineContent", "XNAPipeline\XNAPipelineContent\XNAPipelineContent.contentproj", "{054F27A5-E64B-4790-91D1-30428EA36102}"
EndProject
Global
	GlobalSection(SolutionConfigurationPlatforms) = preSolution
		Debug|x86 = Debug|x86
		Release|x86 = Release|x86
	EndGlobalSection
	GlobalSection(ProjectConfigurationPlatforms) = postSolution
		{48392DE0-1C3E-4840-833B-CAEB31790073}.Debug|x86.ActiveCfg = Debug|x86
		{48392DE0-1C3E-4840-833B-CAEB31790073}.Debug|x86.Build.0 = Debug|x86
		{48392DE0-1C3E-4840-833B-CAEB31790073}.Release|x86.ActiveCfg = Release|x86
		{48392DE0-1C3E-4840-833B-CAEB31790073}.Release|x86.Build.0 = Release|x86
		{054F27A5-E64B-4790-91D1-30428EA36102}.Debug|x86.ActiveCfg = Debug|x86
		{054F27A5-E64B-4790-91D1-30428EA36102}.Release|x86.ActiveCfg = Release|x86
	EndGlobalSection
	GlobalSection(SolutionProperties) = preSolution
		HideSolutionNode = FALSE
	EndGlobalSection
EndGlobal
